
Microsoft Visual Studio Solution File, Format Version 12.00
# Visual Studio 2012
Project("{FAE04EC0-301F-11D3-BF4B-00C04F79EFBC}") = "MongoDbStartsWithBugTest", "MongoDbStartsWithBugTest\MongoDbStartsWithBugTest.csproj", "{3CAF96C7-8D4B-487E-AF1F-5711C51703FD}"
EndProject
Global
	GlobalSection(SolutionConfigurationPlatforms) = preSolution
		Debug|Any CPU = Debug|Any CPU
		Release|Any CPU = Release|Any CPU
	EndGlobalSection
	GlobalSection(ProjectConfigurationPlatforms) = postSolution
		{3CAF96C7-8D4B-487E-AF1F-5711C51703FD}.Debug|Any CPU.ActiveCfg = Debug|Any CPU
		{3CAF96C7-8D4B-487E-AF1F-5711C51703FD}.Debug|Any CPU.Build.0 = Debug|Any CPU
		{3CAF96C7-8D4B-487E-AF1F-5711C51703FD}.Release|Any CPU.ActiveCfg = Release|Any CPU
		{3CAF96C7-8D4B-487E-AF1F-5711C51703FD}.Release|Any CPU.Build.0 = Release|Any CPU
	EndGlobalSection
	GlobalSection(SolutionProperties) = preSolution
		HideSolutionNode = FALSE
	EndGlobalSection
EndGlobal
